
Microsoft Visual Studio Solution File, Format Version 12.00
# Visual Studio 14
VisualStudioVersion = 14.0.24720.0
MinimumVisualStudioVersion = 10.0.40219.1
Project("{FAE04EC0-301F-11D3-BF4B-00C04F79EFBC}") = "DnsProxy.Service", "DnsProxy.Service\DnsProxy.Service.csproj", "{89D75CFC-27E7-4D7A-BADF-DC4874BC5474}"
EndProject
Project("{930C7802-8A8C-48F9-8165-68863BCCD9DD}") = "DnsProxy.SetupPackage", "DnsProxy.SetupPackage\DnsProxy.SetupPackage.wixproj", "{7DE5A53A-646C-4CC7-9B04-CADED8350296}"
EndProject
Global
	GlobalSection(SolutionConfigurationPlatforms) = preSolution
		Debug|Any CPU = Debug|Any CPU
		Debug|x86 = Debug|x86
		Release|Any CPU = Release|Any CPU
		Release|x86 = Release|x86
	EndGlobalSection
	GlobalSection(ProjectConfigurationPlatforms) = postSolution
		{89D75CFC-27E7-4D7A-BADF-DC4874BC5474}.Debug|Any CPU.ActiveCfg = Debug|Any CPU
		{89D75CFC-27E7-4D7A-BADF-DC4874BC5474}.Debug|Any CPU.Build.0 = Debug|Any CPU
		{89D75CFC-27E7-4D7A-BADF-DC4874BC5474}.Debug|x86.ActiveCfg = Debug|Any CPU
		{89D75CFC-27E7-4D7A-BADF-DC4874BC5474}.Debug|x86.Build.0 = Debug|Any CPU
		{89D75CFC-27E7-4D7A-BADF-DC4874BC5474}.Release|Any CPU.ActiveCfg = Release|Any CPU
		{89D75CFC-27E7-4D7A-BADF-DC4874BC5474}.Release|Any CPU.Build.0 = Release|Any CPU
		{89D75CFC-27E7-4D7A-BADF-DC4874BC5474}.Release|x86.ActiveCfg = Release|Any CPU
		{89D75CFC-27E7-4D7A-BADF-DC4874BC5474}.Release|x86.Build.0 = Release|Any CPU
		{7DE5A53A-646C-4CC7-9B04-CADED8350296}.Debug|Any CPU.ActiveCfg = Debug|x86
		{7DE5A53A-646C-4CC7-9B04-CADED8350296}.Debug|x86.ActiveCfg = Debug|x86
		{7DE5A53A-646C-4CC7-9B04-CADED8350296}.Debug|x86.Build.0 = Debug|x86
		{7DE5A53A-646C-4CC7-9B04-CADED8350296}.Release|Any CPU.ActiveCfg = Release|x86
		{7DE5A53A-646C-4CC7-9B04-CADED8350296}.Release|x86.ActiveCfg = Release|x86
		{7DE5A53A-646C-4CC7-9B04-CADED8350296}.Release|x86.Build.0 = Release|x86
	EndGlobalSection
	GlobalSection(SolutionProperties) = preSolution
		HideSolutionNode = FALSE
	EndGlobalSection
EndGlobal
